
Microsoft Visual Studio Solution File, Format Version 12.00
# Visual Studio Version 17
VisualStudioVersion = 17.5.33530.505
MinimumVisualStudioVersion = 10.0.40219.1
Project("{FAE04EC0-301F-11D3-BF4B-00C04F79EFBC}") = "Properties", "Properties\Properties.csproj", "{EFC086BD-3F13-40DE-92EF-13B338A15DBA}"
EndProject
Global
	GlobalSection(SolutionConfigurationPlatforms) = preSolution
		Debug|Any CPU = Debug|Any CPU
		Release|Any CPU = Release|Any CPU
	EndGlobalSection
	GlobalSection(ProjectConfigurationPlatforms) = postSolution
		{EFC086BD-3F13-40DE-92EF-13B338A15DBA}.Debug|Any CPU.ActiveCfg = Debug|Any CPU
		{EFC086BD-3F13-40DE-92EF-13B338A15DBA}.Debug|Any CPU.Build.0 = Debug|Any CPU
		{EFC086BD-3F13-40DE-92EF-13B338A15DBA}.Release|Any CPU.ActiveCfg = Release|Any CPU
		{EFC086BD-3F13-40DE-92EF-13B338A15DBA}.Release|Any CPU.Build.0 = Release|Any CPU
	EndGlobalSection
	GlobalSection(SolutionProperties) = preSolution
		HideSolutionNode = FALSE
	EndGlobalSection
	GlobalSection(ExtensibilityGlobals) = postSolution
		SolutionGuid = {2394557C-2B23-4A69-9A70-27A93E556AA0}
	EndGlobalSection
EndGlobal
