
Microsoft Visual Studio Solution File, Format Version 12.00
# Visual Studio Version 17
VisualStudioVersion = 17.5.33530.505
MinimumVisualStudioVersion = 10.0.40219.1
Project("{FAE04EC0-301F-11D3-BF4B-00C04F79EFBC}") = "MethodsApp", "MethodsApp\MethodsApp.csproj", "{0846AEEF-B8E6-49A5-B005-DB32B19E073F}"
EndProject
Project("{FAE04EC0-301F-11D3-BF4B-00C04F79EFBC}") = "MethodsAppTests", "MethodsAppTests\MethodsAppTests.csproj", "{7BE342FA-43AC-453A-BE7E-CA402DEEC177}"
EndProject
Global
	GlobalSection(SolutionConfigurationPlatforms) = preSolution
		Debug|Any CPU = Debug|Any CPU
		Release|Any CPU = Release|Any CPU
	EndGlobalSection
	GlobalSection(ProjectConfigurationPlatforms) = postSolution
		{0846AEEF-B8E6-49A5-B005-DB32B19E073F}.Debug|Any CPU.ActiveCfg = Debug|Any CPU
		{0846AEEF-B8E6-49A5-B005-DB32B19E073F}.Debug|Any CPU.Build.0 = Debug|Any CPU
		{0846AEEF-B8E6-49A5-B005-DB32B19E073F}.Release|Any CPU.ActiveCfg = Release|Any CPU
		{0846AEEF-B8E6-49A5-B005-DB32B19E073F}.Release|Any CPU.Build.0 = Release|Any CPU
		{7BE342FA-43AC-453A-BE7E-CA402DEEC177}.Debug|Any CPU.ActiveCfg = Debug|Any CPU
		{7BE342FA-43AC-453A-BE7E-CA402DEEC177}.Debug|Any CPU.Build.0 = Debug|Any CPU
		{7BE342FA-43AC-453A-BE7E-CA402DEEC177}.Release|Any CPU.ActiveCfg = Release|Any CPU
		{7BE342FA-43AC-453A-BE7E-CA402DEEC177}.Release|Any CPU.Build.0 = Release|Any CPU
	EndGlobalSection
	GlobalSection(SolutionProperties) = preSolution
		HideSolutionNode = FALSE
	EndGlobalSection
	GlobalSection(ExtensibilityGlobals) = postSolution
		SolutionGuid = {F7EE7031-B1E8-4D1E-9B7C-59C3B3F3B5FC}
	EndGlobalSection
EndGlobal
