
Microsoft Visual Studio Solution File, Format Version 12.00
# Visual Studio Version 17
VisualStudioVersion = 17.5.33530.505
MinimumVisualStudioVersion = 10.0.40219.1
Project("{FAE04EC0-301F-11D3-BF4B-00C04F79EFBC}") = "CastingWpfApp", "CastingWpfApp\CastingWpfApp.csproj", "{9C953A55-C9B5-4352-BA6A-6ED157253513}"
EndProject
Global
	GlobalSection(SolutionConfigurationPlatforms) = preSolution
		Debug|Any CPU = Debug|Any CPU
		Release|Any CPU = Release|Any CPU
	EndGlobalSection
	GlobalSection(ProjectConfigurationPlatforms) = postSolution
		{9C953A55-C9B5-4352-BA6A-6ED157253513}.Debug|Any CPU.ActiveCfg = Debug|Any CPU
		{9C953A55-C9B5-4352-BA6A-6ED157253513}.Debug|Any CPU.Build.0 = Debug|Any CPU
		{9C953A55-C9B5-4352-BA6A-6ED157253513}.Release|Any CPU.ActiveCfg = Release|Any CPU
		{9C953A55-C9B5-4352-BA6A-6ED157253513}.Release|Any CPU.Build.0 = Release|Any CPU
	EndGlobalSection
	GlobalSection(SolutionProperties) = preSolution
		HideSolutionNode = FALSE
	EndGlobalSection
	GlobalSection(ExtensibilityGlobals) = postSolution
		SolutionGuid = {095478F2-EBE6-49A2-B228-4A197A24FACB}
	EndGlobalSection
EndGlobal
